# This file is automatically @generated by Poetry 2.1.3 and should not be changed by hand.

[[package]]
name = "black"
version = "25.1.0"
description = "The uncompromising code formatter."
optional = false
python-versions = ">=3.9"
groups = ["dev"]
files = [
    {file = "black-25.1.0-cp310-cp310-macosx_10_9_x86_64.whl", hash = "sha256:759e7ec1e050a15f89b770cefbf91ebee8917aac5c20483bc2d80a6c3a04df32"},
    {file = "black-25.1.0-cp310-cp310-macosx_11_0_arm64.whl", hash = "sha256:0e519ecf93120f34243e6b0054db49c00a35f84f195d5bce7e9f5cfc578fc2da"},
    {file = "black-25.1.0-cp310-cp310-manylinux_2_17_x86_64.manylinux2014_x86_64.manylinux_2_28_x86_64.whl", hash = "sha256:055e59b198df7ac0b7efca5ad7ff2516bca343276c466be72eb04a3bcc1f82d7"},
    {file = "black-25.1.0-cp310-cp310-win_amd64.whl", hash = "sha256:db8ea9917d6f8fc62abd90d944920d95e73c83a5ee3383493e35d271aca872e9"},
    {file = "black-25.1.0-cp311-cp311-macosx_10_9_x86_64.whl", hash = "sha256:a39337598244de4bae26475f77dda852ea00a93bd4c728e09eacd827ec929df0"},
    {file = "black-25.1.0-cp311-cp311-macosx_11_0_arm64.whl", hash = "sha256:96c1c7cd856bba8e20094e36e0f948718dc688dba4a9d78c3adde52b9e6c2299"},
    {file = "black-25.1.0-cp311-cp311-manylinux_2_17_x86_64.manylinux2014_x86_64.manylinux_2_28_x86_64.whl", hash = "sha256:bce2e264d59c91e52d8000d507eb20a9aca4a778731a08cfff7e5ac4a4bb7096"},
    {file = "black-25.1.0-cp311-cp311-win_amd64.whl", hash = "sha256:172b1dbff09f86ce6f4eb8edf9dede08b1fce58ba194c87d7a4f1a5aa2f5b3c2"},
    {file = "black-25.1.0-cp312-cp312-macosx_10_13_x86_64.whl", hash = "sha256:4b60580e829091e6f9238c848ea6750efed72140b91b048770b64e74fe04908b"},
    {file = "black-25.1.0-cp312-cp312-macosx_11_0_arm64.whl", hash = "sha256:1e2978f6df243b155ef5fa7e558a43037c3079093ed5d10fd84c43900f2d8ecc"},
    {file = "black-25.1.0-cp312-cp312-manylinux_2_17_x86_64.manylinux2014_x86_64.manylinux_2_28_x86_64.whl", hash = "sha256:3b48735872ec535027d979e8dcb20bf4f70b5ac75a8ea99f127c106a7d7aba9f"},
    {file = "black-25.1.0-cp312-cp312-win_amd64.whl", hash = "sha256:ea0213189960bda9cf99be5b8c8ce66bb054af5e9e861249cd23471bd7b0b3ba"},
    {file = "black-25.1.0-cp313-cp313-macosx_10_13_x86_64.whl", hash = "sha256:8f0b18a02996a836cc9c9c78e5babec10930862827b1b724ddfe98ccf2f2fe4f"},
    {file = "black-25.1.0-cp313-cp313-macosx_11_0_arm64.whl", hash = "sha256:afebb7098bfbc70037a053b91ae8437c3857482d3a690fefc03e9ff7aa9a5fd3"},
    {file = "black-25.1.0-cp313-cp313-manylinux_2_17_x86_64.manylinux2014_x86_64.manylinux_2_28_x86_64.whl", hash = "sha256:030b9759066a4ee5e5aca28c3c77f9c64789cdd4de8ac1df642c40b708be6171"},
    {file = "black-25.1.0-cp313-cp313-win_amd64.whl", hash = "sha256:a22f402b410566e2d1c950708c77ebf5ebd5d0d88a6a2e87c86d9fb48afa0d18"},
    {file = "black-25.1.0-cp39-cp39-macosx_10_9_x86_64.whl", hash = "sha256:a1ee0a0c330f7b5130ce0caed9936a904793576ef4d2b98c40835d6a65afa6a0"},
    {file = "black-25.1.0-cp39-cp39-macosx_11_0_arm64.whl", hash = "sha256:f3df5f1bf91d36002b0a75389ca8663510cf0531cca8aa5c1ef695b46d98655f"},
    {file = "black-25.1.0-cp39-cp39-manylinux_2_17_x86_64.manylinux2014_x86_64.manylinux_2_28_x86_64.whl", hash = "sha256:d9e6827d563a2c820772b32ce8a42828dc6790f095f441beef18f96aa6f8294e"},
    {file = "black-25.1.0-cp39-cp39-win_amd64.whl", hash = "sha256:bacabb307dca5ebaf9c118d2d2f6903da0d62c9faa82bd21a33eecc319559355"},
    {file = "black-25.1.0-py3-none-any.whl", hash = "sha256:95e8176dae143ba9097f351d174fdaf0ccd29efb414b362ae3fd72bf0f710717"},
    {file = "black-25.1.0.tar.gz", hash = "sha256:33496d5cd1222ad73391352b4ae8da15253c5de89b93a80b3e2c8d9a19ec2666"},
]

[package.dependencies]
click = ">=8.0.0"
mypy-extensions = ">=0.4.3"
packaging = ">=22.0"
pathspec = ">=0.9.0"
platformdirs = ">=2"

[package.extras]
colorama = ["colorama (>=0.4.3)"]
d = ["aiohttp (>=3.10)"]
jupyter = ["ipython (>=7.8.0)", "tokenize-rt (>=3.2.0)"]
uvloop = ["uvloop (>=0.15.2)"]

[[package]]
name = "click"
version = "8.2.1"
description = "Composable command line interface toolkit"
optional = false
python-versions = ">=3.10"
groups = ["dev"]
files = [
    {file = "click-8.2.1-py3-none-any.whl", hash = "sha256:61a3265b914e850b85317d0b3109c7f8cd35a670f963866005d6ef1d5175a12b"},
    {file = "click-8.2.1.tar.gz", hash = "sha256:27c491cc05d968d271d5a1db13e3b5a184636d9d930f148c50b038f0d0646202"},
]

[package.dependencies]
colorama = {version = "*", markers = "platform_system == \"Windows\""}

[[package]]
name = "colorama"
version = "0.4.6"
description = "Cross-platform colored terminal text."
optional = false
python-versions = "!=3.0.*,!=3.1.*,!=3.2.*,!=3.3.*,!=3.4.*,!=3.5.*,!=3.6.*,>=2.7"
groups = ["dev"]
markers = "sys_platform == \"win32\" or platform_system == \"Windows\""
files = [
    {file = "colorama-0.4.6-py2.py3-none-any.whl", hash = "sha256:4f1d9991f5acc0ca119f9d443620b77f9d6b33703e51011c16baf57afb285fc6"},
    {file = "colorama-0.4.6.tar.gz", hash = "sha256:08695f5cb7ed6e0531a20572697297273c47b8cae5a63ffc6d6ed5c201be6e44"},
]

[[package]]
name = "debugpy"
version = "1.8.16"
description = "An implementation of the Debug Adapter Protocol for Python"
optional = false
python-versions = ">=3.8"
groups = ["dev"]
files = [
    {file = "debugpy-1.8.16-cp310-cp310-macosx_14_0_x86_64.whl", hash = "sha256:2a3958fb9c2f40ed8ea48a0d34895b461de57a1f9862e7478716c35d76f56c65"},
    {file = "debugpy-1.8.16-cp310-cp310-manylinux_2_5_x86_64.manylinux1_x86_64.manylinux_2_17_x86_64.manylinux2014_x86_64.whl", hash = "sha256:e5ca7314042e8a614cc2574cd71f6ccd7e13a9708ce3c6d8436959eae56f2378"},
    {file = "debugpy-1.8.16-cp310-cp310-win32.whl", hash = "sha256:8624a6111dc312ed8c363347a0b59c5acc6210d897e41a7c069de3c53235c9a6"},
    {file = "debugpy-1.8.16-cp310-cp310-win_amd64.whl", hash = "sha256:fee6db83ea5c978baf042440cfe29695e1a5d48a30147abf4c3be87513609817"},
    {file = "debugpy-1.8.16-cp311-cp311-macosx_14_0_universal2.whl", hash = "sha256:67371b28b79a6a12bcc027d94a06158f2fde223e35b5c4e0783b6f9d3b39274a"},
    {file = "debugpy-1.8.16-cp311-cp311-manylinux_2_5_x86_64.manylinux1_x86_64.manylinux_2_17_x86_64.manylinux2014_x86_64.whl", hash = "sha256:b2abae6dd02523bec2dee16bd6b0781cccb53fd4995e5c71cc659b5f45581898"},
    {file = "debugpy-1.8.16-cp311-cp311-win32.whl", hash = "sha256:f8340a3ac2ed4f5da59e064aa92e39edd52729a88fbde7bbaa54e08249a04493"},
    {file = "debugpy-1.8.16-cp311-cp311-win_amd64.whl", hash = "sha256:70f5fcd6d4d0c150a878d2aa37391c52de788c3dc680b97bdb5e529cb80df87a"},
    {file = "debugpy-1.8.16-cp312-cp312-macosx_14_0_universal2.whl", hash = "sha256:b202e2843e32e80b3b584bcebfe0e65e0392920dc70df11b2bfe1afcb7a085e4"},
    {file = "debugpy-1.8.16-cp312-cp312-manylinux_2_5_x86_64.manylinux1_x86_64.manylinux_2_17_x86_64.manylinux2014_x86_64.whl", hash = "sha256:64473c4a306ba11a99fe0bb14622ba4fbd943eb004847d9b69b107bde45aa9ea"},
    {file = "debugpy-1.8.16-cp312-cp312-win32.whl", hash = "sha256:833a61ed446426e38b0dd8be3e9d45ae285d424f5bf6cd5b2b559c8f12305508"},
    {file = "debugpy-1.8.16-cp312-cp312-win_amd64.whl", hash = "sha256:75f204684581e9ef3dc2f67687c3c8c183fde2d6675ab131d94084baf8084121"},
    {file = "debugpy-1.8.16-cp313-cp313-macosx_14_0_universal2.whl", hash = "sha256:85df3adb1de5258dca910ae0bb185e48c98801ec15018a263a92bb06be1c8787"},
    {file = "debugpy-1.8.16-cp313-cp313-manylinux_2_5_x86_64.manylinux1_x86_64.manylinux_2_17_x86_64.manylinux2014_x86_64.whl", hash = "sha256:bee89e948bc236a5c43c4214ac62d28b29388453f5fd328d739035e205365f0b"},
    {file = "debugpy-1.8.16-cp313-cp313-win32.whl", hash = "sha256:cf358066650439847ec5ff3dae1da98b5461ea5da0173d93d5e10f477c94609a"},
    {file = "debugpy-1.8.16-cp313-cp313-win_amd64.whl", hash = "sha256:b5aea1083f6f50023e8509399d7dc6535a351cc9f2e8827d1e093175e4d9fa4c"},
    {file = "debugpy-1.8.16-cp38-cp38-macosx_14_0_x86_64.whl", hash = "sha256:2801329c38f77c47976d341d18040a9ac09d0c71bf2c8b484ad27c74f83dc36f"},
    {file = "debugpy-1.8.16-cp38-cp38-manylinux_2_5_x86_64.manylinux1_x86_64.manylinux_2_17_x86_64.manylinux2014_x86_64.whl", hash = "sha256:687c7ab47948697c03b8f81424aa6dc3f923e6ebab1294732df1ca9773cc67bc"},
    {file = "debugpy-1.8.16-cp38-cp38-win32.whl", hash = "sha256:a2ba6fc5d7c4bc84bcae6c5f8edf5988146e55ae654b1bb36fecee9e5e77e9e2"},
    {file = "debugpy-1.8.16-cp38-cp38-win_amd64.whl", hash = "sha256:d58c48d8dbbbf48a3a3a638714a2d16de537b0dace1e3432b8e92c57d43707f8"},
    {file = "debugpy-1.8.16-cp39-cp39-macosx_14_0_x86_64.whl", hash = "sha256:135ccd2b1161bade72a7a099c9208811c137a150839e970aeaf121c2467debe8"},
    {file = "debugpy-1.8.16-cp39-cp39-manylinux_2_5_x86_64.manylinux1_x86_64.manylinux_2_17_x86_64.manylinux2014_x86_64.whl", hash = "sha256:211238306331a9089e253fd997213bc4a4c65f949271057d6695953254095376"},
    {file = "debugpy-1.8.16-cp39-cp39-win32.whl", hash = "sha256:88eb9ffdfb59bf63835d146c183d6dba1f722b3ae2a5f4b9fc03e925b3358922"},
    {file = "debugpy-1.8.16-cp39-cp39-win_amd64.whl", hash = "sha256:c2c47c2e52b40449552843b913786499efcc3dbc21d6c49287d939cd0dbc49fd"},
    {file = "debugpy-1.8.16-py2.py3-none-any.whl", hash = "sha256:19c9521962475b87da6f673514f7fd610328757ec993bf7ec0d8c96f9a325f9e"},
    {file = "debugpy-1.8.16.tar.gz", hash = "sha256:31e69a1feb1cf6b51efbed3f6c9b0ef03bc46ff050679c4be7ea6d2e23540870"},
]

[[package]]
name = "flake8"
version = "7.3.0"
description = "the modular source code checker: pep8 pyflakes and co"
optional = false
python-versions = ">=3.9"
groups = ["dev"]
files = [
    {file = "flake8-7.3.0-py2.py3-none-any.whl", hash = "sha256:b9696257b9ce8beb888cdbe31cf885c90d31928fe202be0889a7cdafad32f01e"},
    {file = "flake8-7.3.0.tar.gz", hash = "sha256:fe044858146b9fc69b551a4b490d69cf960fcb78ad1edcb84e7fbb1b4a8e3872"},
]

[package.dependencies]
mccabe = ">=0.7.0,<0.8.0"
pycodestyle = ">=2.14.0,<2.15.0"
pyflakes = ">=3.4.0,<3.5.0"

[[package]]
name = "iniconfig"
version = "2.1.0"
description = "brain-dead simple config-ini parsing"
optional = false
python-versions = ">=3.8"
groups = ["dev"]
files = [
    {file = "iniconfig-2.1.0-py3-none-any.whl", hash = "sha256:9deba5723312380e77435581c6bf4935c94cbfab9b1ed33ef8d238ea168eb760"},
    {file = "iniconfig-2.1.0.tar.gz", hash = "sha256:3abbd2e30b36733fee78f9c7f7308f2d0050e88f0087fd25c2645f63c773e1c7"},
]

[[package]]
name = "jq"
version = "1.10.0"
description = "jq is a lightweight and flexible JSON processor."
optional = false
python-versions = ">=3.8"
groups = ["dev"]
files = [
    {file = "jq-1.10.0-cp310-cp310-macosx_10_9_x86_64.whl", hash = "sha256:9bba438d1813e537294e77f6f0ab3f4b23d3a0ae125187edf4827260a31341a0"},
    {file = "jq-1.10.0-cp310-cp310-macosx_11_0_arm64.whl", hash = "sha256:3eb6aed0d9882c43ae4c1757b72afc02063504f69d14eb12352c9b2813137c71"},
    {file = "jq-1.10.0-cp310-cp310-manylinux_2_17_aarch64.manylinux2014_aarch64.whl", hash = "sha256:8c2a6a83f8b59dcb0b9a09f1e6b042e667923916767d0bee869e217d067f5f25"},
    {file = "jq-1.10.0-cp310-cp310-manylinux_2_17_x86_64.manylinux2014_x86_64.whl", hash = "sha256:731fa11ce06276365c51fe2e23821d33acf6c66e501acfc4dd95507be840dd39"},
    {file = "jq-1.10.0-cp310-cp310-manylinux_2_5_i686.manylinux1_i686.manylinux_2_17_i686.manylinux2014_i686.whl", hash = "sha256:cd313711ad4b6158662a65e1de9a4e34e6f297cacaa2a563b1d7c37fd453770e"},
    {file = "jq-1.10.0-cp310-cp310-musllinux_1_2_aarch64.whl", hash = "sha256:af859195c4a46adc52866cbc08a5d56fea86cbb8d18c9e02b95fea7d0b9c872d"},
    {file = "jq-1.10.0-cp310-cp310-musllinux_1_2_i686.whl", hash = "sha256:801d01e2c933fa3da70ce18d73adb29c4fd07ebe0e2da3f39f79719357a60014"},
    {file = "jq-1.10.0-cp310-cp310-musllinux_1_2_x86_64.whl", hash = "sha256:f6557f291f0b13db045b35401fa8b67b866fa1488e3a9703a1bcc5d156948c59"},
    {file = "jq-1.10.0-cp310-cp310-win32.whl", hash = "sha256:148a140c16c366c42c63e5a920dc8259ab62034c6f2c6b0f410df579fdf04654"},
    {file = "jq-1.10.0-cp310-cp310-win_amd64.whl", hash = "sha256:f8aa3f4eb6948be7b9b7c8eb19d4fbdaa2765227d21ea875898e2d20552ad749"},
    {file = "jq-1.10.0-cp311-cp311-macosx_10_9_x86_64.whl", hash = "sha256:1363930e8efe63a76e6be93ffc6fea6d9201ba13a21f8a9c7943e9c6a4184cf7"},
    {file = "jq-1.10.0-cp311-cp311-macosx_11_0_arm64.whl", hash = "sha256:850c99324fdb2e42a2056c27ec45af87b1bc764a14c94cdf011f6e21d885f032"},
    {file = "jq-1.10.0-cp311-cp311-manylinux_2_17_aarch64.manylinux2014_aarch64.whl", hash = "sha256:75aabeae63f36fe421c25cb793f5e166500400e443e7f6ce509261d06d4f8b5d"},
    {file = "jq-1.10.0-cp311-cp311-manylinux_2_17_x86_64.manylinux2014_x86_64.whl", hash = "sha256:4b6e1f04da95c5057346954b24e65cb401cf9c64566e68c4263454717fcf464d"},
    {file = "jq-1.10.0-cp311-cp311-manylinux_2_5_i686.manylinux1_i686.manylinux_2_17_i686.manylinux2014_i686.whl", hash = "sha256:3ff2ac703b1bde9209f124aa7948012b77e93a40f858c24cf0bbd48f150c15e8"},
    {file = "jq-1.10.0-cp311-cp311-musllinux_1_2_aarch64.whl", hash = "sha256:83ae246c191e6c5363cb7987af10c4c3071ec6995424eb749d225fbb985d9e47"},
    {file = "jq-1.10.0-cp311-cp311-musllinux_1_2_i686.whl", hash = "sha256:307ed7ac72c03843af46face4ec1b8238f6d0d68f5a37aab3b55d178c329ad34"},
    {file = "jq-1.10.0-cp311-cp311-musllinux_1_2_x86_64.whl", hash = "sha256:ded278e64dad446667656f7144cefe20cea16bb57cf6912ef6d1ddf3bddc9861"},
    {file = "jq-1.10.0-cp311-cp311-win32.whl", hash = "sha256:5d5624d43c8597b06a4a2c5461d1577f29f23991472a5da88b742f7fa529c1d1"},
    {file = "jq-1.10.0-cp311-cp311-win_amd64.whl", hash = "sha256:08bf55484a20955264358823049ff8deb671bb0025d51707ec591b5eb18a94d7"},
    {file = "jq-1.10.0-cp312-cp312-macosx_10_13_x86_64.whl", hash = "sha256:fe636cfa95b7027e7b43da83ecfd61431c0de80c3e0aa4946534b087149dcb4c"},
    {file = "jq-1.10.0-cp312-cp312-macosx_11_0_arm64.whl", hash = "sha256:947fc7e1baaa7e95833b950e5a66b3e13a5cff028bff2d009b8c320124d9e69b"},
    {file = "jq-1.10.0-cp312-cp312-manylinux_2_17_aarch64.manylinux2014_aarch64.whl", hash = "sha256:9382f85a347623afa521c43f8f09439e68906fd5b3492016f969a29219796bb9"},
    {file = "jq-1.10.0-cp312-cp312-manylinux_2_17_x86_64.manylinux2014_x86_64.whl", hash = "sha256:c376aab525d0a1debe403d3bc2f19fda9473696a1eda56bafc88248fc4ae6e7e"},
    {file = "jq-1.10.0-cp312-cp312-manylinux_2_5_i686.manylinux1_i686.manylinux_2_17_i686.manylinux2014_i686.whl", hash = "sha256:206f230c67a46776f848858c66b9c377a8e40c2b16195552edd96fd7b45f9a52"},
    {file = "jq-1.10.0-cp312-cp312-musllinux_1_2_aarch64.whl", hash = "sha256:06986456ebc95ccb9e9c2a1f0e842bc9d441225a554a9f9d4370ad95a19ac000"},
    {file = "jq-1.10.0-cp312-cp312-musllinux_1_2_i686.whl", hash = "sha256:d02c0be958ddb4d9254ff251b045df2f8ee5995137702eeab4ffa81158bcdbe0"},
    {file = "jq-1.10.0-cp312-cp312-musllinux_1_2_x86_64.whl", hash = "sha256:37cf6fd2ebd2453e75ceef207d5a95a39fcbda371a9b8916db0bd42e8737a621"},
    {file = "jq-1.10.0-cp312-cp312-win32.whl", hash = "sha256:655d75d54a343944a9b011f568156cdc29ae0b35d2fdeefb001f459a4e4fc313"},
    {file = "jq-1.10.0-cp312-cp312-win_amd64.whl", hash = "sha256:1d67c2653ae41eab48f8888c213c9e1807b43167f26ac623c9f3e00989d3edee"},
    {file = "jq-1.10.0-cp313-cp313-macosx_10_13_x86_64.whl", hash = "sha256:b11d6e115ebad15d738d49932c3a8b9bb302b928e0fb79acc80987598d147a43"},
    {file = "jq-1.10.0-cp313-cp313-macosx_11_0_arm64.whl", hash = "sha256:df278904c5727dfe5bc678131a0636d731cd944879d890adf2fc6de35214b19b"},
    {file = "jq-1.10.0-cp313-cp313-manylinux_2_17_aarch64.manylinux2014_aarch64.whl", hash = "sha256:ab4c1ec69fd7719fb1356e2ade7bd2b5a63d6f0eaf5a90fdc5c9f6145f0474ce"},
    {file = "jq-1.10.0-cp313-cp313-manylinux_2_17_x86_64.manylinux2014_x86_64.whl", hash = "sha256:fd24dc21c8afcbe5aa812878251cfafa6f1dc6e1126c35d460cc7e67eb331018"},
    {file = "jq-1.10.0-cp313-cp313-manylinux_2_5_i686.manylinux1_i686.manylinux_2_17_i686.manylinux2014_i686.whl", hash = "sha256:8c0d3e89cd239c340c3a54e145ddf52fe63de31866cb73368d22a66bfe7e823f"},
    {file = "jq-1.10.0-cp313-cp313-musllinux_1_2_aarch64.whl", hash = "sha256:76710b280e4c464395c3d8e656b849e2704bd06e950a4ebd767860572bbf67df"},
    {file = "jq-1.10.0-cp313-cp313-musllinux_1_2_i686.whl", hash = "sha256:b11a56f1fb6e2985fd3627dbd8a0637f62b1a704f7b19705733d461dafa26429"},
    {file = "jq-1.10.0-cp313-cp313-musllinux_1_2_x86_64.whl", hash = "sha256:ac05ae44d9aa1e462329e1510e0b5139ac4446de650c7bdfdab226aafdc978ec"},
    {file = "jq-1.10.0-cp313-cp313-win32.whl", hash = "sha256:0bad90f5734e2fc9d09c4116ae9102c357a4d75efa60a85758b0ba633774eddb"},
    {file = "jq-1.10.0-cp313-cp313-win_amd64.whl", hash = "sha256:4ec3fbca80a9dfb5349cdc2531faf14dd832e1847499513cf1fc477bcf46a479"},
    {file = "jq-1.10.0-cp38-cp38-macosx_10_9_x86_64.whl", hash = "sha256:09e6ca3095a3be59353a262c75f680a0934ac03e81d10b78d7eabcb9fb746543"},
    {file = "jq-1.10.0-cp38-cp38-manylinux_2_17_aarch64.manylinux2014_aarch64.whl", hash = "sha256:57e7b81b69700ad6003f6d068ae5432fa54169e2c5b15a1f9073400d83c0115a"},
    {file = "jq-1.10.0-cp38-cp38-manylinux_2_17_x86_64.manylinux2014_x86_64.whl", hash = "sha256:36a959b8cff3796b42f51a0be5fa37126ee66fc822e29620485a229f6c9baec6"},
    {file = "jq-1.10.0-cp38-cp38-manylinux_2_5_i686.manylinux1_i686.manylinux_2_17_i686.manylinux2014_i686.whl", hash = "sha256:f44bd6b9d03367a9e8a3f8f5c8343b572fbec9d148242f226e2a6f2eb459ba2b"},
    {file = "jq-1.10.0-cp38-cp38-musllinux_1_2_aarch64.whl", hash = "sha256:48fb2cfe083942e370876e865fad3836aedc1b06ef30a2376e53ab35d6a7f728"},
    {file = "jq-1.10.0-cp38-cp38-musllinux_1_2_i686.whl", hash = "sha256:d47fe013dc22c82b425ae5358729a3d38de4097dda28d63f591c8bdd97bae6cb"},
    {file = "jq-1.10.0-cp38-cp38-musllinux_1_2_x86_64.whl", hash = "sha256:2886606f40f2127ed4bea2aa2d30653d485ed26075dd5b52fb933aa7ec7b23d3"},
    {file = "jq-1.10.0-cp38-cp38-win32.whl", hash = "sha256:f1f277fd820246f0d80da2ddd39b6d5ea99b266c067abce34f1ff50bd3358477"},
    {file = "jq-1.10.0-cp38-cp38-win_amd64.whl", hash = "sha256:ab050dc7a6c204dde3a3d28e340f937e00cf69c8d3f7dd17e8c3ffef916784df"},
    {file = "jq-1.10.0-cp39-cp39-macosx_10_9_x86_64.whl", hash = "sha256:db746ec4f05a6622bca5785f58fa322f04c493de61c6761cbe5a61218babe3d9"},
    {file = "jq-1.10.0-cp39-cp39-macosx_11_0_arm64.whl", hash = "sha256:bb9a6b5ff1e9d261ffae51aefbc66660bc1f5713339943aa95af7631062be163"},
    {file = "jq-1.10.0-cp39-cp39-manylinux_2_17_aarch64.manylinux2014_aarch64.whl", hash = "sha256:6690eda99a5be16f28c6931918769af0c2d066257d4efedc7c4108cfbf4e242f"},
    {file = "jq-1.10.0-cp39-cp39-manylinux_2_17_x86_64.manylinux2014_x86_64.whl", hash = "sha256:3f4b28f04bb69eadb99c7ba3911246e6a200a886d82ae190a0af95037c427de6"},
    {file = "jq-1.10.0-cp39-cp39-manylinux_2_5_i686.manylinux1_i686.manylinux_2_17_i686.manylinux2014_i686.whl", hash = "sha256:d7278f1dfc49387551e670133b363a3368eeac74672dd4b520b7da4f8e803058"},
    {file = "jq-1.10.0-cp39-cp39-musllinux_1_2_aarch64.whl", hash = "sha256:28c16ca90940dfb8a2bd28b2d02cb2a546faa91db5b03f2cb71148b158fc098c"},
    {file = "jq-1.10.0-cp39-cp39-musllinux_1_2_i686.whl", hash = "sha256:f700d2aa1ef2b58c33df0a06ba58e68196cc9f81d1b6eb6baaa34e81fc0dbe6d"},
    {file = "jq-1.10.0-cp39-cp39-musllinux_1_2_x86_64.whl", hash = "sha256:cf18f3031da9727245529e16ad13ab8859d73cfe0bc0e09a79696038658c25d5"},
    {file = "jq-1.10.0-cp39-cp39-win32.whl", hash = "sha256:31753d5b45b1806d1d7241a45cb262b1f3db8c0f1f4c618d5a02cbe227d2c436"},
    {file = "jq-1.10.0-cp39-cp39-win_amd64.whl", hash = "sha256:c4648684034ba5b975be9b0099ca230ef088c14eeffb3357b522d9cba02a05ea"},
    {file = "jq-1.10.0-pp310-pypy310_pp73-macosx_10_15_x86_64.whl", hash = "sha256:591d81677336551fd9cf3b5e23c1929ae3cd039a5c2d5fb8042870ed5372fd8c"},
    {file = "jq-1.10.0-pp310-pypy310_pp73-macosx_11_0_arm64.whl", hash = "sha256:f7f68716e8533294d2f5152e8659288091ea705778a00e066ed3b418ed724d81"},
    {file = "jq-1.10.0-pp310-pypy310_pp73-manylinux_2_17_aarch64.manylinux2014_aarch64.whl", hash = "sha256:72658f31d5723e7b87eea929e81d5083fd4132636a9dcdbf56ba9ea0e30ecaa3"},
    {file = "jq-1.10.0-pp310-pypy310_pp73-manylinux_2_17_x86_64.manylinux2014_x86_64.whl", hash = "sha256:039e84e19306f94bf0d15291f6d358c4086c702de48e2309c3183fd866bf2785"},
    {file = "jq-1.10.0-pp310-pypy310_pp73-manylinux_2_5_i686.manylinux1_i686.manylinux_2_17_i686.manylinux2014_i686.whl", hash = "sha256:e985ded6dc2105707cb04e98ca6acbe6c24614824ed0a2fae442d2b2bc78fbc4"},
    {file = "jq-1.10.0-pp311-pypy311_pp73-macosx_10_15_x86_64.whl", hash = "sha256:185d450fb45cd44ad5939ec5813f1ed0d057fa0cb12a1ba6a5fe0e49d8354958"},
    {file = "jq-1.10.0-pp311-pypy311_pp73-macosx_11_0_arm64.whl", hash = "sha256:5e6649eb4ce390342e07c95c2fa10fed043410408620296122f0ac48a7576f1f"},
    {file = "jq-1.10.0-pp311-pypy311_pp73-manylinux_2_17_aarch64.manylinux2014_aarch64.whl", hash = "sha256:002d93e50fab9d92035dfd79fd134052692be649e1b3835662a053016d9f2ee7"},
    {file = "jq-1.10.0-pp311-pypy311_pp73-manylinux_2_17_x86_64.manylinux2014_x86_64.whl", hash = "sha256:1602f95ffaef7ee357b65f414b59d6284619bd3a0a588c15c3a1ae534811c1fb"},
    {file = "jq-1.10.0-pp311-pypy311_pp73-manylinux_2_5_i686.manylinux1_i686.manylinux_2_17_i686.manylinux2014_i686.whl", hash = "sha256:4b28cfd1eac69e1dc14518ed9c33e497041e9f9310e5f6259fa9d18fe342fb50"},
    {file = "jq-1.10.0-pp38-pypy38_pp73-macosx_11_0_arm64.whl", hash = "sha256:061225bc6b45b399f4dfbece00f4fae78560c1d4e0f2af77203dde621c5f10be"},
    {file = "jq-1.10.0-pp39-pypy39_pp73-macosx_10_15_x86_64.whl", hash = "sha256:5dba7abfe55efe3f139247a30e1f13e94f33fddfea71245a18a817b619cb9fe9"},
    {file = "jq-1.10.0-pp39-pypy39_pp73-macosx_11_0_arm64.whl", hash = "sha256:c6f45acaad61c1947bf2fa172a2ccb2e882231c3cfbfc1ea4a2c4f032122a546"},
    {file = "jq-1.10.0-pp39-pypy39_pp73-manylinux_2_17_aarch64.manylinux2014_aarch64.whl", hash = "sha256:16c250cd0a708d45b9bb08fdf4cac415156274f7f3f8f026e75b5a330d2162dd"},
    {file = "jq-1.10.0-pp39-pypy39_pp73-manylinux_2_17_x86_64.manylinux2014_x86_64.whl", hash = "sha256:593551afc5f305c7d0adc840587350cb49c4ecba6464f4fc965cae87758621a7"},
    {file = "jq-1.10.0-pp39-pypy39_pp73-manylinux_2_5_i686.manylinux1_i686.manylinux_2_17_i686.manylinux2014_i686.whl", hash = "sha256:c550705145480b616b6bc114ab7f421c0d9a3041ad3dcb9424f992954823f7c2"},
    {file = "jq-1.10.0.tar.gz", hash = "sha256:fc38803075dbf1867e1b4ed268fef501feecb0c50f3555985a500faedfa70f08"},
]

[[package]]
name = "json5"
version = "0.12.1"
description = "A Python implementation of the JSON5 data format."
optional = false
python-versions = ">=3.8.0"
groups = ["dev"]
files = [
    {file = "json5-0.12.1-py3-none-any.whl", hash = "sha256:d9c9b3bc34a5f54d43c35e11ef7cb87d8bdd098c6ace87117a7b7e83e705c1d5"},
    {file = "json5-0.12.1.tar.gz", hash = "sha256:b2743e77b3242f8d03c143dd975a6ec7c52e2f2afe76ed934e53503dd4ad4990"},
]

[package.extras]
dev = ["build (==1.2.2.post1)", "coverage (==7.5.4) ; python_version < \"3.9\"", "coverage (==7.8.0) ; python_version >= \"3.9\"", "mypy (==1.14.1) ; python_version < \"3.9\"", "mypy (==1.15.0) ; python_version >= \"3.9\"", "pip (==25.0.1)", "pylint (==3.2.7) ; python_version < \"3.9\"", "pylint (==3.3.6) ; python_version >= \"3.9\"", "ruff (==0.11.2)", "twine (==6.1.0)", "uv (==0.6.11)"]

[[package]]
name = "mccabe"
version = "0.7.0"
description = "McCabe checker, plugin for flake8"
optional = false
python-versions = ">=3.6"
groups = ["dev"]
files = [
    {file = "mccabe-0.7.0-py2.py3-none-any.whl", hash = "sha256:6c2d30ab6be0e4a46919781807b4f0d834ebdd6c6e3dca0bda5a15f863427b6e"},
    {file = "mccabe-0.7.0.tar.gz", hash = "sha256:348e0240c33b60bbdf4e523192ef919f28cb2c3d7d5c7794f74009290f236325"},
]

[[package]]
name = "mypy-extensions"
version = "1.1.0"
description = "Type system extensions for programs checked with the mypy type checker."
optional = false
python-versions = ">=3.8"
groups = ["dev"]
files = [
    {file = "mypy_extensions-1.1.0-py3-none-any.whl", hash = "sha256:1be4cccdb0f2482337c4743e60421de3a356cd97508abadd57d47403e94f5505"},
    {file = "mypy_extensions-1.1.0.tar.gz", hash = "sha256:52e68efc3284861e772bbcd66823fde5ae21fd2fdb51c62a211403730b916558"},
]

[[package]]
name = "packaging"
version = "25.0"
description = "Core utilities for Python packages"
optional = false
python-versions = ">=3.8"
groups = ["dev"]
files = [
    {file = "packaging-25.0-py3-none-any.whl", hash = "sha256:29572ef2b1f17581046b3a2227d5c611fb25ec70ca1ba8554b24b0e69331a484"},
    {file = "packaging-25.0.tar.gz", hash = "sha256:d443872c98d677bf60f6a1f2f8c1cb748e8fe762d2bf9d3148b5599295b0fc4f"},
]

[[package]]
name = "pathspec"
version = "0.12.1"
description = "Utility library for gitignore style pattern matching of file paths."
optional = false
python-versions = ">=3.8"
groups = ["dev"]
files = [
    {file = "pathspec-0.12.1-py3-none-any.whl", hash = "sha256:a0d503e138a4c123b27490a4f7beda6a01c6f288df0e4a8b79c7eb0dc7b4cc08"},
    {file = "pathspec-0.12.1.tar.gz", hash = "sha256:a482d51503a1ab33b1c67a6c3813a26953dbdc71c31dacaef9a838c4e29f5712"},
]

[[package]]
name = "platformdirs"
version = "4.3.8"
description = "A small Python package for determining appropriate platform-specific dirs, e.g. a `user data dir`."
optional = false
python-versions = ">=3.9"
groups = ["dev"]
files = [
    {file = "platformdirs-4.3.8-py3-none-any.whl", hash = "sha256:ff7059bb7eb1179e2685604f4aaf157cfd9535242bd23742eadc3c13542139b4"},
    {file = "platformdirs-4.3.8.tar.gz", hash = "sha256:3d512d96e16bcb959a814c9f348431070822a6496326a4be0911c40b5a74c2bc"},
]

[package.extras]
docs = ["furo (>=2024.8.6)", "proselint (>=0.14)", "sphinx (>=8.1.3)", "sphinx-autodoc-typehints (>=3)"]
test = ["appdirs (==1.4.4)", "covdefaults (>=2.3)", "pytest (>=8.3.4)", "pytest-cov (>=6)", "pytest-mock (>=3.14)"]
type = ["mypy (>=1.14.1)"]

[[package]]
name = "pluggy"
version = "1.6.0"
description = "plugin and hook calling mechanisms for python"
optional = false
python-versions = ">=3.9"
groups = ["dev"]
files = [
    {file = "pluggy-1.6.0-py3-none-any.whl", hash = "sha256:e920276dd6813095e9377c0bc5566d94c932c33b27a3e3945d8389c374dd4746"},
    {file = "pluggy-1.6.0.tar.gz", hash = "sha256:7dcc130b76258d33b90f61b658791dede3486c3e6bfb003ee5c9bfb396dd22f3"},
]

[package.extras]
dev = ["pre-commit", "tox"]
testing = ["coverage", "pytest", "pytest-benchmark"]

[[package]]
name = "pycodestyle"
version = "2.14.0"
description = "Python style guide checker"
optional = false
python-versions = ">=3.9"
groups = ["dev"]
files = [
    {file = "pycodestyle-2.14.0-py2.py3-none-any.whl", hash = "sha256:dd6bf7cb4ee77f8e016f9c8e74a35ddd9f67e1d5fd4184d86c3b98e07099f42d"},
    {file = "pycodestyle-2.14.0.tar.gz", hash = "sha256:c4b5b517d278089ff9d0abdec919cd97262a3367449ea1c8b49b91529167b783"},
]

[[package]]
name = "pyflakes"
version = "3.4.0"
description = "passive checker of Python programs"
optional = false
python-versions = ">=3.9"
groups = ["dev"]
files = [
    {file = "pyflakes-3.4.0-py2.py3-none-any.whl", hash = "sha256:f742a7dbd0d9cb9ea41e9a24a918996e8170c799fa528688d40dd582c8265f4f"},
    {file = "pyflakes-3.4.0.tar.gz", hash = "sha256:b24f96fafb7d2ab0ec5075b7350b3d2d2218eab42003821c06344973d3ea2f58"},
]

[[package]]
name = "pygments"
version = "2.19.2"
description = "Pygments is a syntax highlighting package written in Python."
optional = false
python-versions = ">=3.8"
groups = ["dev"]
files = [
    {file = "pygments-2.19.2-py3-none-any.whl", hash = "sha256:86540386c03d588bb81d44bc3928634ff26449851e99741617ecb9037ee5ec0b"},
    {file = "pygments-2.19.2.tar.gz", hash = "sha256:636cb2477cec7f8952536970bc533bc43743542f70392ae026374600add5b887"},
]

[package.extras]
windows-terminal = ["colorama (>=0.4.6)"]

[[package]]
name = "pytest"
version = "8.4.1"
description = "pytest: simple powerful testing with Python"
optional = false
python-versions = ">=3.9"
groups = ["dev"]
files = [
    {file = "pytest-8.4.1-py3-none-any.whl", hash = "sha256:539c70ba6fcead8e78eebbf1115e8b589e7565830d7d006a8723f19ac8a0afb7"},
    {file = "pytest-8.4.1.tar.gz", hash = "sha256:7c67fd69174877359ed9371ec3af8a3d2b04741818c51e5e99cc1742251fa93c"},
]

[package.dependencies]
colorama = {version = ">=0.4", markers = "sys_platform == \"win32\""}
iniconfig = ">=1"
packaging = ">=20"
pluggy = ">=1.5,<2"
pygments = ">=2.7.2"

[package.extras]
dev = ["argcomplete", "attrs (>=19.2)", "hypothesis (>=3.56)", "mock", "requests", "setuptools", "xmlschema"]

[metadata]
lock-version = "2.1"
python-versions = ">=3.13"
content-hash = "5466c2d5aa051f3c600714bb52062c849a0c383713b941c991b679bf86f3b0c6"
